// !$*UTF8*$!
{
	archiveVersion = 1;
	classes = {
	};
	objectVersion = 54;
	objects = {

/* Begin PBXBuildFile section */
		906B8C2026DB640200C94269 /* ProgressViewController.swift in Sources */ = {isa = PBXBuildFile; fileRef = 906B8C1F26DB640200C94269 /* ProgressViewController.swift */; };
		9070460526EB493200836C9C /* Data.swift in Sources */ = {isa = PBXBuildFile; fileRef = 9070460426EB493200836C9C /* Data.swift */; };
		90799D1326D2898F009B327E /* AudioExporter.swift in Sources */ = {isa = PBXBuildFile; fileRef = 90799D1226D2898F009B327E /* AudioExporter.swift */; };
		907E2CB126D11309007EBFD1 /* AppDelegate.swift in Sources */ = {isa = PBXBuildFile; fileRef = 907E2CB026D11309007EBFD1 /* AppDelegate.swift */; };
		907E2CB326D11309007EBFD1 /* EditorViewController.swift in Sources */ = {isa = PBXBuildFile; fileRef = 907E2CB226D11309007EBFD1 /* EditorViewController.swift */; };
		907E2CB526D11309007EBFD1 /* Document.swift in Sources */ = {isa = PBXBuildFile; fileRef = 907E2CB426D11309007EBFD1 /* Document.swift */; };
		907E2CB726D1130E007EBFD1 /* Assets.xcassets in Resources */ = {isa = PBXBuildFile; fileRef = 907E2CB626D1130E007EBFD1 /* Assets.xcassets */; };
		907E2CBA26D1130E007EBFD1 /* Main.storyboard in Resources */ = {isa = PBXBuildFile; fileRef = 907E2CB826D1130E007EBFD1 /* Main.storyboard */; };
		907E2CC526D11449007EBFD1 /* TimelineView.swift in Sources */ = {isa = PBXBuildFile; fileRef = 907E2CC426D11449007EBFD1 /* TimelineView.swift */; };
		907E2CC826D11456007EBFD1 /* RulerView.swift in Sources */ = {isa = PBXBuildFile; fileRef = 907E2CC726D11456007EBFD1 /* RulerView.swift */; };
		907E2CCB26D11463007EBFD1 /* OverlayView.swift in Sources */ = {isa = PBXBuildFile; fileRef = 907E2CCA26D11463007EBFD1 /* OverlayView.swift */; };
		907E2CCE26D114D2007EBFD1 /* Timeline.swift in Sources */ = {isa = PBXBuildFile; fileRef = 907E2CCD26D114D2007EBFD1 /* Timeline.swift */; };
		907E2CD226D11732007EBFD1 /* EditorWindowController.swift in Sources */ = {isa = PBXBuildFile; fileRef = 907E2CD126D11732007EBFD1 /* EditorWindowController.swift */; };
		907E2CD726D24FC2007EBFD1 /* AVAudioPCMBuffer.swift in Sources */ = {isa = PBXBuildFile; fileRef = 907E2CD626D24FC2007EBFD1 /* AVAudioPCMBuffer.swift */; };
		907E2CDA26D25159007EBFD1 /* AudioTrack.swift in Sources */ = {isa = PBXBuildFile; fileRef = 907E2CD926D25159007EBFD1 /* AudioTrack.swift */; };
		907E2CDD26D251DD007EBFD1 /* AudioAsset.swift in Sources */ = {isa = PBXBuildFile; fileRef = 907E2CDC26D251DD007EBFD1 /* AudioAsset.swift */; };
		90E4E6F926E7A1C800CB6443 /* TimeInterval.swift in Sources */ = {isa = PBXBuildFile; fileRef = 90E4E6F826E7A1C800CB6443 /* TimeInterval.swift */; };
		90E4E6FC26E7A1F600CB6443 /* NSColor.swift in Sources */ = {isa = PBXBuildFile; fileRef = 90E4E6FB26E7A1F600CB6443 /* NSColor.swift */; };
		90E4E6FF26E7A25600CB6443 /* GridClipTableView.swift in Sources */ = {isa = PBXBuildFile; fileRef = 90E4E6FE26E7A25600CB6443 /* GridClipTableView.swift */; };
/* End PBXBuildFile section */

/* Begin PBXFileReference section */
		906B8C1F26DB640200C94269 /* ProgressViewController.swift */ = {isa = PBXFileReference; lastKnownFileType = sourcecode.swift; path = ProgressViewController.swift; sourceTree = "<group>"; };
		9070460426EB493200836C9C /* Data.swift */ = {isa = PBXFileReference; lastKnownFileType = sourcecode.swift; path = Data.swift; sourceTree = "<group>"; };
		90799D1226D2898F009B327E /* AudioExporter.swift */ = {isa = PBXFileReference; lastKnownFileType = sourcecode.swift; path = AudioExporter.swift; sourceTree = "<group>"; };
		907E2CAD26D11309007EBFD1 /* audio-composition-macos.app */ = {isa = PBXFileReference; explicitFileType = wrapper.application; includeInIndex = 0; path = "audio-composition-macos.app"; sourceTree = BUILT_PRODUCTS_DIR; };
		907E2CB026D11309007EBFD1 /* AppDelegate.swift */ = {isa = PBXFileReference; lastKnownFileType = sourcecode.swift; path = AppDelegate.swift; sourceTree = "<group>"; };
		907E2CB226D11309007EBFD1 /* EditorViewController.swift */ = {isa = PBXFileReference; lastKnownFileType = sourcecode.swift; path = EditorViewController.swift; sourceTree = "<group>"; };
		907E2CB426D11309007EBFD1 /* Document.swift */ = {isa = PBXFileReference; lastKnownFileType = sourcecode.swift; path = Document.swift; sourceTree = "<group>"; };
		907E2CB626D1130E007EBFD1 /* Assets.xcassets */ = {isa = PBXFileReference; lastKnownFileType = folder.assetcatalog; path = Assets.xcassets; sourceTree = "<group>"; };
		907E2CB926D1130E007EBFD1 /* Base */ = {isa = PBXFileReference; lastKnownFileType = file.storyboard; name = Base; path = Base.lproj/Main.storyboard; sourceTree = "<group>"; };
		907E2CBB26D1130E007EBFD1 /* Info.plist */ = {isa = PBXFileReference; lastKnownFileType = text.plist.xml; path = Info.plist; sourceTree = "<group>"; };
		907E2CBC26D1130E007EBFD1 /* audio_composition_macos.entitlements */ = {isa = PBXFileReference; lastKnownFileType = text.plist.entitlements; path = audio_composition_macos.entitlements; sourceTree = "<group>"; };
		907E2CC426D11449007EBFD1 /* TimelineView.swift */ = {isa = PBXFileReference; lastKnownFileType = sourcecode.swift; path = TimelineView.swift; sourceTree = "<group>"; };
		907E2CC726D11456007EBFD1 /* RulerView.swift */ = {isa = PBXFileReference; lastKnownFileType = sourcecode.swift; path = RulerView.swift; sourceTree = "<group>"; };
		907E2CCA26D11463007EBFD1 /* OverlayView.swift */ = {isa = PBXFileReference; lastKnownFileType = sourcecode.swift; path = OverlayView.swift; sourceTree = "<group>"; };
		907E2CCD26D114D2007EBFD1 /* Timeline.swift */ = {isa = PBXFileReference; lastKnownFileType = sourcecode.swift; path = Timeline.swift; sourceTree = "<group>"; };
		907E2CD126D11732007EBFD1 /* EditorWindowController.swift */ = {isa = PBXFileReference; lastKnownFileType = sourcecode.swift; path = EditorWindowController.swift; sourceTree = "<group>"; };
		907E2CD626D24FC2007EBFD1 /* AVAudioPCMBuffer.swift */ = {isa = PBXFileReference; lastKnownFileType = sourcecode.swift; path = AVAudioPCMBuffer.swift; sourceTree = "<group>"; };
		907E2CD926D25159007EBFD1 /* AudioTrack.swift */ = {isa = PBXFileReference; lastKnownFileType = sourcecode.swift; path = AudioTrack.swift; sourceTree = "<group>"; };
		907E2CDC26D251DD007EBFD1 /* AudioAsset.swift */ = {isa = PBXFileReference; lastKnownFileType = sourcecode.swift; path = AudioAsset.swift; sourceTree = "<group>"; };
		90E4E6F826E7A1C800CB6443 /* TimeInterval.swift */ = {isa = PBXFileReference; lastKnownFileType = sourcecode.swift; path = TimeInterval.swift; sourceTree = "<group>"; };
		90E4E6FB26E7A1F600CB6443 /* NSColor.swift */ = {isa = PBXFileReference; lastKnownFileType = sourcecode.swift; path = NSColor.swift; sourceTree = "<group>"; };
		90E4E6FE26E7A25600CB6443 /* GridClipTableView.swift */ = {isa = PBXFileReference; lastKnownFileType = sourcecode.swift; path = GridClipTableView.swift; sourceTree = "<group>"; };
/* End PBXFileReference section */

/* Begin PBXFrameworksBuildPhase section */
		907E2CAA26D11309007EBFD1 /* Frameworks */ = {
			isa = PBXFrameworksBuildPhase;
			buildActionMask = 2147483647;
			files = (
			);
			runOnlyForDeploymentPostprocessing = 0;
		};
/* End PBXFrameworksBuildPhase section */

/* Begin PBXGroup section */
		907E2CA426D11309007EBFD1 = {
			isa = PBXGroup;
			children = (
				907E2CAF26D11309007EBFD1 /* audio-composition-macos */,
				907E2CAE26D11309007EBFD1 /* Products */,
			);
			sourceTree = "<group>";
		};
		907E2CAE26D11309007EBFD1 /* Products */ = {
			isa = PBXGroup;
			children = (
				907E2CAD26D11309007EBFD1 /* audio-composition-macos.app */,
			);
			name = Products;
			sourceTree = "<group>";
		};
		907E2CAF26D11309007EBFD1 /* audio-composition-macos */ = {
			isa = PBXGroup;
			children = (
				907E2CB026D11309007EBFD1 /* AppDelegate.swift */,
				907E2CB226D11309007EBFD1 /* EditorViewController.swift */,
				906B8C1F26DB640200C94269 /* ProgressViewController.swift */,
				907E2CD126D11732007EBFD1 /* EditorWindowController.swift */,
				907E2CB426D11309007EBFD1 /* Document.swift */,
				907E2CCD26D114D2007EBFD1 /* Timeline.swift */,
				907E2CD926D25159007EBFD1 /* AudioTrack.swift */,
				907E2CDC26D251DD007EBFD1 /* AudioAsset.swift */,
				907E2CC426D11449007EBFD1 /* TimelineView.swift */,
				907E2CC726D11456007EBFD1 /* RulerView.swift */,
				907E2CCA26D11463007EBFD1 /* OverlayView.swift */,
				907E2CD626D24FC2007EBFD1 /* AVAudioPCMBuffer.swift */,
				90799D1226D2898F009B327E /* AudioExporter.swift */,
				90E4E6F826E7A1C800CB6443 /* TimeInterval.swift */,
				90E4E6FB26E7A1F600CB6443 /* NSColor.swift */,
				90E4E6FE26E7A25600CB6443 /* GridClipTableView.swift */,
				9070460426EB493200836C9C /* Data.swift */,
				907E2CB626D1130E007EBFD1 /* Assets.xcassets */,
				907E2CB826D1130E007EBFD1 /* Main.storyboard */,
				907E2CBB26D1130E007EBFD1 /* Info.plist */,
				907E2CBC26D1130E007EBFD1 /* audio_composition_macos.entitlements */,
			);
			path = "audio-composition-macos";
			sourceTree = "<group>";
		};
/* End PBXGroup section */

/* Begin PBXNativeTarget section */
		907E2CAC26D11309007EBFD1 /* audio-composition-macos */ = {
			isa = PBXNativeTarget;
			buildConfigurationList = 907E2CBF26D1130E007EBFD1 /* Build configuration list for PBXNativeTarget "audio-composition-macos" */;
			buildPhases = (
				907E2CA926D11309007EBFD1 /* Sources */,
				907E2CAA26D11309007EBFD1 /* Frameworks */,
				907E2CAB26D11309007EBFD1 /* Resources */,
			);
			buildRules = (
			);
			dependencies = (
			);
			name = "audio-composition-macos";
			productName = "audio-composition-macos";
			productReference = 907E2CAD26D11309007EBFD1 /* audio-composition-macos.app */;
			productType = "com.apple.product-type.application";
		};
/* End PBXNativeTarget section */

/* Begin PBXProject section */
		907E2CA526D11309007EBFD1 /* Project object */ = {
			isa = PBXProject;
			attributes = {
				LastSwiftUpdateCheck = 1240;
				LastUpgradeCheck = 1240;
				TargetAttributes = {
					907E2CAC26D11309007EBFD1 = {
						CreatedOnToolsVersion = 12.4;
					};
				};
			};
			buildConfigurationList = 907E2CA826D11309007EBFD1 /* Build configuration list for PBXProject "audio-composition-macos" */;
			compatibilityVersion = "Xcode 12.0";
			developmentRegion = en;
			hasScannedForEncodings = 0;
			knownRegions = (
				en,
				Base,
			);
			mainGroup = 907E2CA426D11309007EBFD1;
			productRefGroup = 907E2CAE26D11309007EBFD1 /* Products */;
			projectDirPath = "";
			projectRoot = "";
			targets = (
				907E2CAC26D11309007EBFD1 /* audio-composition-macos */,
			);
		};
/* End PBXProject section */

/* Begin PBXResourcesBuildPhase section */
		907E2CAB26D11309007EBFD1 /* Resources */ = {
			isa = PBXResourcesBuildPhase;
			buildActionMask = 2147483647;
			files = (
				907E2CB726D1130E007EBFD1 /* Assets.xcassets in Resources */,
				907E2CBA26D1130E007EBFD1 /* Main.storyboard in Resources */,
			);
			runOnlyForDeploymentPostprocessing = 0;
		};
/* End PBXResourcesBuildPhase section */

/* Begin PBXSourcesBuildPhase section */
		907E2CA926D11309007EBFD1 /* Sources */ = {
			isa = PBXSourcesBuildPhase;
			buildActionMask = 2147483647;
			files = (
				907E2CB326D11309007EBFD1 /* EditorViewController.swift in Sources */,
				90E4E6FC26E7A1F600CB6443 /* NSColor.swift in Sources */,
				907E2CCE26D114D2007EBFD1 /* Timeline.swift in Sources */,
				90E4E6FF26E7A25600CB6443 /* GridClipTableView.swift in Sources */,
				907E2CC826D11456007EBFD1 /* RulerView.swift in Sources */,
				907E2CD726D24FC2007EBFD1 /* AVAudioPCMBuffer.swift in Sources */,
				906B8C2026DB640200C94269 /* ProgressViewController.swift in Sources */,
				907E2CB126D11309007EBFD1 /* AppDelegate.swift in Sources */,
				907E2CCB26D11463007EBFD1 /* OverlayView.swift in Sources */,
				90E4E6F926E7A1C800CB6443 /* TimeInterval.swift in Sources */,
				907E2CDA26D25159007EBFD1 /* AudioTrack.swift in Sources */,
				907E2CD226D11732007EBFD1 /* EditorWindowController.swift in Sources */,
				907E2CDD26D251DD007EBFD1 /* AudioAsset.swift in Sources */,
				9070460526EB493200836C9C /* Data.swift in Sources */,
				90799D1326D2898F009B327E /* AudioExporter.swift in Sources */,
				907E2CB526D11309007EBFD1 /* Document.swift in Sources */,
				907E2CC526D11449007EBFD1 /* TimelineView.swift in Sources */,
			);
			runOnlyForDeploymentPostprocessing = 0;
		};
/* End PBXSourcesBuildPhase section */

/* Begin PBXVariantGroup section */
		907E2CB826D1130E007EBFD1 /* Main.storyboard */ = {
			isa = PBXVariantGroup;
			children = (
				907E2CB926D1130E007EBFD1 /* Base */,
			);
			name = Main.storyboard;
			sourceTree = "<group>";
		};
/* End PBXVariantGroup section */

/* Begin XCBuildConfiguration section */
		907E2CBD26D1130E007EBFD1 /* Debug */ = {
			isa = XCBuildConfiguration;
			buildSettings = {
				ALWAYS_SEARCH_USER_PATHS = NO;
				CLANG_ANALYZER_NONNULL = YES;
				CLANG_ANALYZER_NUMBER_OBJECT_CONVERSION = YES_AGGRESSIVE;
				CLANG_CXX_LANGUAGE_STANDARD = "gnu++14";
				CLANG_CXX_LIBRARY = "libc++";
				CLANG_ENABLE_MODULES = YES;
				CLANG_ENABLE_OBJC_ARC = YES;
				CLANG_ENABLE_OBJC_WEAK = YES;
				CLANG_WARN_BLOCK_CAPTURE_AUTORELEASING = YES;
				CLANG_WARN_BOOL_CONVERSION = YES;
				CLANG_WARN_COMMA = YES;
				CLANG_WARN_CONSTANT_CONVERSION = YES;
				CLANG_WARN_DEPRECATED_OBJC_IMPLEMENTATIONS = YES;
				CLANG_WARN_DIRECT_OBJC_ISA_USAGE = YES_ERROR;
				CLANG_WARN_DOCUMENTATION_COMMENTS = YES;
				CLANG_WARN_EMPTY_BODY = YES;
				CLANG_WARN_ENUM_CONVERSION = YES;
				CLANG_WARN_INFINITE_RECURSION = YES;
				CLANG_WARN_INT_CONVERSION = YES;
				CLANG_WARN_NON_LITERAL_NULL_CONVERSION = YES;
				CLANG_WARN_OBJC_IMPLICIT_RETAIN_SELF = YES;
				CLANG_WARN_OBJC_LITERAL_CONVERSION = YES;
				CLANG_WARN_OBJC_ROOT_CLASS = YES_ERROR;
				CLANG_WARN_QUOTED_INCLUDE_IN_FRAMEWORK_HEADER = YES;
				CLANG_WARN_RANGE_LOOP_ANALYSIS = YES;
				CLANG_WARN_STRICT_PROTOTYPES = YES;
				CLANG_WARN_SUSPICIOUS_MOVE = YES;
				CLANG_WARN_UNGUARDED_AVAILABILITY = YES_AGGRESSIVE;
				CLANG_WARN_UNREACHABLE_CODE = YES;
				CLANG_WARN__DUPLICATE_METHOD_MATCH = YES;
				COPY_PHASE_STRIP = NO;
				DEBUG_INFORMATION_FORMAT = dwarf;
				ENABLE_STRICT_OBJC_MSGSEND = YES;
				ENABLE_TESTABILITY = YES;
				GCC_C_LANGUAGE_STANDARD = gnu11;
				GCC_DYNAMIC_NO_PIC = NO;
				GCC_NO_COMMON_BLOCKS = YES;
				GCC_OPTIMIZATION_LEVEL = 0;
				GCC_PREPROCESSOR_DEFINITIONS = (
					"DEBUG=1",
					"$(inherited)",
				);
				GCC_WARN_64_TO_32_BIT_CONVERSION = YES;
				GCC_WARN_ABOUT_RETURN_TYPE = YES_ERROR;
				GCC_WARN_UNDECLARED_SELECTOR = YES;
				GCC_WARN_UNINITIALIZED_AUTOS = YES_AGGRESSIVE;
				GCC_WARN_UNUSED_FUNCTION = YES;
				GCC_WARN_UNUSED_VARIABLE = YES;
				MACOSX_DEPLOYMENT_TARGET = 11.1;
				MTL_ENABLE_DEBUG_INFO = INCLUDE_SOURCE;
				MTL_FAST_MATH = YES;
				ONLY_ACTIVE_ARCH = YES;
				SDKROOT = macosx;
				SWIFT_ACTIVE_COMPILATION_CONDITIONS = DEBUG;
				SWIFT_OPTIMIZATION_LEVEL = "-Onone";
			};
			name = Debug;
		};
		907E2CBE26D1130E007EBFD1 /* Release */ = {
			isa = XCBuildConfiguration;
			buildSettings = {
				ALWAYS_SEARCH_USER_PATHS = NO;
				CLANG_ANALYZER_NONNULL = YES;
				CLANG_ANALYZER_NUMBER_OBJECT_CONVERSION = YES_AGGRESSIVE;
				CLANG_CXX_LANGUAGE_STANDARD = "gnu++14";
				CLANG_CXX_LIBRARY = "libc++";
				CLANG_ENABLE_MODULES = YES;
				CLANG_ENABLE_OBJC_ARC = YES;
				CLANG_ENABLE_OBJC_WEAK = YES;
				CLANG_WARN_BLOCK_CAPTURE_AUTORELEASING = YES;
				CLANG_WARN_BOOL_CONVERSION = YES;
				CLANG_WARN_COMMA = YES;
				CLANG_WARN_CONSTANT_CONVERSION = YES;
				CLANG_WARN_DEPRECATED_OBJC_IMPLEMENTATIONS = YES;
				CLANG_WARN_DIRECT_OBJC_ISA_USAGE = YES_ERROR;
				CLANG_WARN_DOCUMENTATION_COMMENTS = YES;
				CLANG_WARN_EMPTY_BODY = YES;
				CLANG_WARN_ENUM_CONVERSION = YES;
				CLANG_WARN_INFINITE_RECURSION = YES;
				CLANG_WARN_INT_CONVERSION = YES;
				CLANG_WARN_NON_LITERAL_NULL_CONVERSION = YES;
				CLANG_WARN_OBJC_IMPLICIT_RETAIN_SELF = YES;
				CLANG_WARN_OBJC_LITERAL_CONVERSION = YES;
				CLANG_WARN_OBJC_ROOT_CLASS = YES_ERROR;
				CLANG_WARN_QUOTED_INCLUDE_IN_FRAMEWORK_HEADER = YES;
				CLANG_WARN_RANGE_LOOP_ANALYSIS = YES;
				CLANG_WARN_STRICT_PROTOTYPES = YES;
				CLANG_WARN_SUSPICIOUS_MOVE = YES;
				CLANG_WARN_UNGUARDED_AVAILABILITY = YES_AGGRESSIVE;
				CLANG_WARN_UNREACHABLE_CODE = YES;
				CLANG_WARN__DUPLICATE_METHOD_MATCH = YES;
				COPY_PHASE_STRIP = NO;
				DEBUG_INFORMATION_FORMAT = "dwarf-with-dsym";
				ENABLE_NS_ASSERTIONS = NO;
				ENABLE_STRICT_OBJC_MSGSEND = YES;
				GCC_C_LANGUAGE_STANDARD = gnu11;
				GCC_NO_COMMON_BLOCKS = YES;
				GCC_WARN_64_TO_32_BIT_CONVERSION = YES;
				GCC_WARN_ABOUT_RETURN_TYPE = YES_ERROR;
				GCC_WARN_UNDECLARED_SELECTOR = YES;
				GCC_WARN_UNINITIALIZED_AUTOS = YES_AGGRESSIVE;
				GCC_WARN_UNUSED_FUNCTION = YES;
				GCC_WARN_UNUSED_VARIABLE = YES;
				MACOSX_DEPLOYMENT_TARGET = 11.1;
				MTL_ENABLE_DEBUG_INFO = NO;
				MTL_FAST_MATH = YES;
				SDKROOT = macosx;
				SWIFT_COMPILATION_MODE = wholemodule;
				SWIFT_OPTIMIZATION_LEVEL = "-O";
			};
			name = Release;
		};
		907E2CC026D1130E007EBFD1 /* Debug */ = {
			isa = XCBuildConfiguration;
			buildSettings = {
				ASSETCATALOG_COMPILER_APPICON_NAME = AppIcon;
				ASSETCATALOG_COMPILER_GLOBAL_ACCENT_COLOR_NAME = AccentColor;
				CODE_SIGN_ENTITLEMENTS = "audio-composition-macos/audio_composition_macos.entitlements";
				CODE_SIGN_STYLE = Automatic;
				COMBINE_HIDPI_IMAGES = YES;
				INFOPLIST_FILE = "audio-composition-macos/Info.plist";
				LD_RUNPATH_SEARCH_PATHS = (
					"$(inherited)",
					"@executable_path/../Frameworks",
				);
				MACOSX_DEPLOYMENT_TARGET = 11.0;
				PRODUCT_BUNDLE_IDENTIFIER = "com.russelldzhafarov.audio-composition-macos";
				PRODUCT_NAME = "$(TARGET_NAME)";
				SWIFT_VERSION = 5.0;
			};
			name = Debug;
		};
		907E2CC126D1130E007EBFD1 /* Release */ = {
			isa = XCBuildConfiguration;
			buildSettings = {
				ASSETCATALOG_COMPILER_APPICON_NAME = AppIcon;
				ASSETCATALOG_COMPILER_GLOBAL_ACCENT_COLOR_NAME = AccentColor;
				CODE_SIGN_ENTITLEMENTS = "audio-composition-macos/audio_composition_macos.entitlements";
				CODE_SIGN_STYLE = Automatic;
				COMBINE_HIDPI_IMAGES = YES;
				INFOPLIST_FILE = "audio-composition-macos/Info.plist";
				LD_RUNPATH_SEARCH_PATHS = (
					"$(inherited)",
					"@executable_path/../Frameworks",
				);
				MACOSX_DEPLOYMENT_TARGET = 11.0;
				PRODUCT_BUNDLE_IDENTIFIER = "com.russelldzhafarov.audio-composition-macos";
				PRODUCT_NAME = "$(TARGET_NAME)";
				SWIFT_VERSION = 5.0;
			};
			name = Release;
		};
/* End XCBuildConfiguration section */

/* Begin XCConfigurationList section */
		907E2CA826D11309007EBFD1 /* Build configuration list for PBXProject "audio-composition-macos" */ = {
			isa = XCConfigurationList;
			buildConfigurations = (
				907E2CBD26D1130E007EBFD1 /* Debug */,
				907E2CBE26D1130E007EBFD1 /* Release */,
			);
			defaultConfigurationIsVisible = 0;
			defaultConfigurationName = Release;
		};
		907E2CBF26D1130E007EBFD1 /* Build configuration list for PBXNativeTarget "audio-composition-macos" */ = {
			isa = XCConfigurationList;
			buildConfigurations = (
				907E2CC026D1130E007EBFD1 /* Debug */,
				907E2CC126D1130E007EBFD1 /* Release */,
			);
			defaultConfigurationIsVisible = 0;
			defaultConfigurationName = Release;
		};
/* End XCConfigurationList section */
	};
	rootObject = 907E2CA526D11309007EBFD1 /* Project object */;
}
